
Microsoft Visual Studio Solution File, Format Version 12.00
# Visual Studio Version 17
VisualStudioVersion = 17.14.36127.28
MinimumVisualStudioVersion = 10.0.40219.1
Project("{FAE04EC0-301F-11D3-BF4B-00C04F79EFBC}") = "JellyFlix-MediaHub", "JellyFlix-MediaHub.csproj", "{E2FC66C0-A87F-4F41-B7B6-86DBCB4243D9}"
EndProject
Global
	GlobalSection(SolutionConfigurationPlatforms) = preSolution
		All|Any CPU = All|Any CPU
		Debug|Any CPU = Debug|Any CPU
		Release|Any CPU = Release|Any CPU
	EndGlobalSection
	GlobalSection(ProjectConfigurationPlatforms) = postSolution
		{E2FC66C0-A87F-4F41-B7B6-86DBCB4243D9}.All|Any CPU.ActiveCfg = Debug|Any CPU
		{E2FC66C0-A87F-4F41-B7B6-86DBCB4243D9}.All|Any CPU.Build.0 = Debug|Any CPU
		{E2FC66C0-A87F-4F41-B7B6-86DBCB4243D9}.Debug|Any CPU.ActiveCfg = Debug|Any CPU
		{E2FC66C0-A87F-4F41-B7B6-86DBCB4243D9}.Debug|Any CPU.Build.0 = Debug|Any CPU
		{E2FC66C0-A87F-4F41-B7B6-86DBCB4243D9}.Release|Any CPU.ActiveCfg = Release|Any CPU
		{E2FC66C0-A87F-4F41-B7B6-86DBCB4243D9}.Release|Any CPU.Build.0 = Release|Any CPU
	EndGlobalSection
	GlobalSection(SolutionProperties) = preSolution
		HideSolutionNode = FALSE
	EndGlobalSection
	GlobalSection(ExtensibilityGlobals) = postSolution
		SolutionGuid = {911268F9-5536-4FC1-BA8B-2FF0281FAF2F}
	EndGlobalSection
EndGlobal
